
Microsoft Visual Studio Solution File, Format Version 12.00
# Visual Studio Version 16
VisualStudioVersion = 16.0.31729.503
MinimumVisualStudioVersion = 10.0.40219.1
Project("{FAE04EC0-301F-11D3-BF4B-00C04F79EFBC}") = "kursovic", "kursovic.csproj", "{038DC986-CB18-4723-AABF-54C606271E75}"
EndProject
Global
	GlobalSection(SolutionConfigurationPlatforms) = preSolution
		Debug|Any CPU = Debug|Any CPU
		Release|Any CPU = Release|Any CPU
	EndGlobalSection
	GlobalSection(ProjectConfigurationPlatforms) = postSolution
		{038DC986-CB18-4723-AABF-54C606271E75}.Debug|Any CPU.ActiveCfg = Debug|Any CPU
		{038DC986-CB18-4723-AABF-54C606271E75}.Debug|Any CPU.Build.0 = Debug|Any CPU
		{038DC986-CB18-4723-AABF-54C606271E75}.Release|Any CPU.ActiveCfg = Release|Any CPU
		{038DC986-CB18-4723-AABF-54C606271E75}.Release|Any CPU.Build.0 = Release|Any CPU
	EndGlobalSection
	GlobalSection(SolutionProperties) = preSolution
		HideSolutionNode = FALSE
	EndGlobalSection
	GlobalSection(ExtensibilityGlobals) = postSolution
		SolutionGuid = {D1049D30-C366-4BFA-850D-044745B5555B}
	EndGlobalSection
EndGlobal
